
Microsoft Visual Studio Solution File, Format Version 12.00
# Visual Studio 15
VisualStudioVersion = 15.0.27004.2005
MinimumVisualStudioVersion = 10.0.40219.1
Project("{FAE04EC0-301F-11D3-BF4B-00C04F79EFBC}") = "NultQuangCao", "NultWebApplication\NultQuangCao.csproj", "{1424672F-C147-499E-9C6E-2A2892D589B4}"
EndProject
Project("{E24C65DC-7377-472B-9ABA-BC803B73C61A}") = "Website", "Website\", "{67787EBC-3081-4622-BFD8-76FB86BEC988}"
	ProjectSection(WebsiteProperties) = preProject
		TargetFrameworkMoniker = ".NETFramework,Version%3Dv4.0"
		Debug.AspNetCompiler.VirtualPath = "/localhost_58910"
		Debug.AspNetCompiler.PhysicalPath = "Website\"
		Debug.AspNetCompiler.TargetPath = "PrecompiledWeb\localhost_58910\"
		Debug.AspNetCompiler.Updateable = "true"
		Debug.AspNetCompiler.ForceOverwrite = "true"
		Debug.AspNetCompiler.FixedNames = "false"
		Debug.AspNetCompiler.Debug = "True"
		Release.AspNetCompiler.VirtualPath = "/localhost_58910"
		Release.AspNetCompiler.PhysicalPath = "Website\"
		Release.AspNetCompiler.TargetPath = "PrecompiledWeb\localhost_58910\"
		Release.AspNetCompiler.Updateable = "true"
		Release.AspNetCompiler.ForceOverwrite = "true"
		Release.AspNetCompiler.FixedNames = "false"
		Release.AspNetCompiler.Debug = "False"
		VWDPort = "58910"
	EndProjectSection
EndProject
Global
	GlobalSection(SolutionConfigurationPlatforms) = preSolution
		Debug|Any CPU = Debug|Any CPU
		Release|Any CPU = Release|Any CPU
	EndGlobalSection
	GlobalSection(ProjectConfigurationPlatforms) = postSolution
		{1424672F-C147-499E-9C6E-2A2892D589B4}.Debug|Any CPU.ActiveCfg = Debug|Any CPU
		{1424672F-C147-499E-9C6E-2A2892D589B4}.Debug|Any CPU.Build.0 = Debug|Any CPU
		{1424672F-C147-499E-9C6E-2A2892D589B4}.Release|Any CPU.ActiveCfg = Release|Any CPU
		{1424672F-C147-499E-9C6E-2A2892D589B4}.Release|Any CPU.Build.0 = Release|Any CPU
		{67787EBC-3081-4622-BFD8-76FB86BEC988}.Debug|Any CPU.ActiveCfg = Debug|Any CPU
		{67787EBC-3081-4622-BFD8-76FB86BEC988}.Debug|Any CPU.Build.0 = Debug|Any CPU
		{67787EBC-3081-4622-BFD8-76FB86BEC988}.Release|Any CPU.ActiveCfg = Debug|Any CPU
		{67787EBC-3081-4622-BFD8-76FB86BEC988}.Release|Any CPU.Build.0 = Debug|Any CPU
	EndGlobalSection
	GlobalSection(SolutionProperties) = preSolution
		HideSolutionNode = FALSE
	EndGlobalSection
	GlobalSection(ExtensibilityGlobals) = postSolution
		SolutionGuid = {8FE09ADB-813A-4D17-AEC9-6C806BC76A5F}
	EndGlobalSection
EndGlobal
